
Microsoft Visual Studio Solution File, Format Version 12.00
# Visual Studio Version 16
VisualStudioVersion = 16.0.30804.86
MinimumVisualStudioVersion = 10.0.40219.1
Project("{FAE04EC0-301F-11D3-BF4B-00C04F79EFBC}") = "ExercicioEncapsulamento", "ExercicioEncapsulamento\ExercicioEncapsulamento.csproj", "{3F7EDAF8-9362-44B6-92CB-024D91A4FB52}"
EndProject
Global
	GlobalSection(SolutionConfigurationPlatforms) = preSolution
		Debug|Any CPU = Debug|Any CPU
		Release|Any CPU = Release|Any CPU
	EndGlobalSection
	GlobalSection(ProjectConfigurationPlatforms) = postSolution
		{3F7EDAF8-9362-44B6-92CB-024D91A4FB52}.Debug|Any CPU.ActiveCfg = Debug|Any CPU
		{3F7EDAF8-9362-44B6-92CB-024D91A4FB52}.Debug|Any CPU.Build.0 = Debug|Any CPU
		{3F7EDAF8-9362-44B6-92CB-024D91A4FB52}.Release|Any CPU.ActiveCfg = Release|Any CPU
		{3F7EDAF8-9362-44B6-92CB-024D91A4FB52}.Release|Any CPU.Build.0 = Release|Any CPU
	EndGlobalSection
	GlobalSection(SolutionProperties) = preSolution
		HideSolutionNode = FALSE
	EndGlobalSection
	GlobalSection(ExtensibilityGlobals) = postSolution
		SolutionGuid = {CE219150-D362-4B53-808A-7CC15DEE6D8D}
	EndGlobalSection
EndGlobal
